{
  "name": "react-native-dev-button",
  "version": "1.0.1",
  "lockfileVersion": 1,
  "requires": true,
  "dependencies": {
    "react-native-simple-toast": {
      "version": "0.0.8",
      "resolved": "https://registry.npmjs.org/react-native-simple-toast/-/react-native-simple-toast-0.0.8.tgz",
      "integrity": "sha512-qfhHsAtZuMV7llF74WjAHCjAQhfyDDRVrE9nmczCZSHZ5JRZ3XkqnZ8IyNnNUQMsGQodyV+0QEf5uPiWBICnUA=="
    }
  }
}
